
Microsoft Visual Studio Solution File, Format Version 12.00
# Visual Studio Version 17
VisualStudioVersion = 17.13.35825.156
MinimumVisualStudioVersion = 10.0.40219.1
Project("{FAE04EC0-301F-11D3-BF4B-00C04F79EFBC}") = "WebPracticalTask", "WebPracticalTask\WebPracticalTask.csproj", "{F483EF3E-6DD9-434A-8757-37B5928A46D1}"
EndProject
Project("{FAE04EC0-301F-11D3-BF4B-00C04F79EFBC}") = "NUnitTest", "NUnitTest\NUnitTest.csproj", "{3F8ACDF3-7DEC-4563-97D5-FE6BFE86F91C}"
EndProject
Global
	GlobalSection(SolutionConfigurationPlatforms) = preSolution
		Debug|Any CPU = Debug|Any CPU
		Release|Any CPU = Release|Any CPU
	EndGlobalSection
	GlobalSection(ProjectConfigurationPlatforms) = postSolution
		{F483EF3E-6DD9-434A-8757-37B5928A46D1}.Debug|Any CPU.ActiveCfg = Debug|Any CPU
		{F483EF3E-6DD9-434A-8757-37B5928A46D1}.Debug|Any CPU.Build.0 = Debug|Any CPU
		{F483EF3E-6DD9-434A-8757-37B5928A46D1}.Release|Any CPU.ActiveCfg = Release|Any CPU
		{F483EF3E-6DD9-434A-8757-37B5928A46D1}.Release|Any CPU.Build.0 = Release|Any CPU
		{3F8ACDF3-7DEC-4563-97D5-FE6BFE86F91C}.Debug|Any CPU.ActiveCfg = Debug|Any CPU
		{3F8ACDF3-7DEC-4563-97D5-FE6BFE86F91C}.Debug|Any CPU.Build.0 = Debug|Any CPU
		{3F8ACDF3-7DEC-4563-97D5-FE6BFE86F91C}.Release|Any CPU.ActiveCfg = Release|Any CPU
		{3F8ACDF3-7DEC-4563-97D5-FE6BFE86F91C}.Release|Any CPU.Build.0 = Release|Any CPU
	EndGlobalSection
	GlobalSection(SolutionProperties) = preSolution
		HideSolutionNode = FALSE
	EndGlobalSection
	GlobalSection(ExtensibilityGlobals) = postSolution
		SolutionGuid = {B9A06D8E-3926-4A12-A727-6E95B9F380FC}
	EndGlobalSection
EndGlobal
